// !$*UTF8*$!
{
	archiveVersion = 1;
	classes = {
	};
	objectVersion = 50;
	objects = {

/* Begin PBXBuildFile section */
		55FCA6672294DCFD00CF909C /* AppDelegate.swift in Sources */ = {isa = PBXBuildFile; fileRef = 55FCA6662294DCFD00CF909C /* AppDelegate.swift */; };
		55FCA6692294DCFD00CF909C /* ViewController.swift in Sources */ = {isa = PBXBuildFile; fileRef = 55FCA6682294DCFD00CF909C /* ViewController.swift */; };
		55FCA66C2294DCFD00CF909C /* Main.storyboard in Resources */ = {isa = PBXBuildFile; fileRef = 55FCA66A2294DCFD00CF909C /* Main.storyboard */; };
		55FCA66E2294DCFE00CF909C /* Assets.xcassets in Resources */ = {isa = PBXBuildFile; fileRef = 55FCA66D2294DCFE00CF909C /* Assets.xcassets */; };
		55FCA6712294DCFE00CF909C /* LaunchScreen.storyboard in Resources */ = {isa = PBXBuildFile; fileRef = 55FCA66F2294DCFE00CF909C /* LaunchScreen.storyboard */; };
		55FCA67C2294DCFE00CF909C /* RangTangHomeTests.swift in Sources */ = {isa = PBXBuildFile; fileRef = 55FCA67B2294DCFE00CF909C /* RangTangHomeTests.swift */; };
		55FCA6872294DCFE00CF909C /* RangTangHomeUITests.swift in Sources */ = {isa = PBXBuildFile; fileRef = 55FCA6862294DCFE00CF909C /* RangTangHomeUITests.swift */; };
/* End PBXBuildFile section */

/* Begin PBXContainerItemProxy section */
		55FCA6782294DCFE00CF909C /* PBXContainerItemProxy */ = {
			isa = PBXContainerItemProxy;
			containerPortal = 55FCA65B2294DCFD00CF909C /* Project object */;
			proxyType = 1;
			remoteGlobalIDString = 55FCA6622294DCFD00CF909C;
			remoteInfo = RangTangHome;
		};
		55FCA6832294DCFE00CF909C /* PBXContainerItemProxy */ = {
			isa = PBXContainerItemProxy;
			containerPortal = 55FCA65B2294DCFD00CF909C /* Project object */;
			proxyType = 1;
			remoteGlobalIDString = 55FCA6622294DCFD00CF909C;
			remoteInfo = RangTangHome;
		};
/* End PBXContainerItemProxy section */

/* Begin PBXFileReference section */
		55FCA6632294DCFD00CF909C /* RangTangHome.app */ = {isa = PBXFileReference; explicitFileType = wrapper.application; includeInIndex = 0; path = RangTangHome.app; sourceTree = BUILT_PRODUCTS_DIR; };
		55FCA6662294DCFD00CF909C /* AppDelegate.swift */ = {isa = PBXFileReference; lastKnownFileType = sourcecode.swift; path = AppDelegate.swift; sourceTree = "<group>"; };
		55FCA6682294DCFD00CF909C /* ViewController.swift */ = {isa = PBXFileReference; lastKnownFileType = sourcecode.swift; path = ViewController.swift; sourceTree = "<group>"; };
		55FCA66B2294DCFD00CF909C /* Base */ = {isa = PBXFileReference; lastKnownFileType = file.storyboard; name = Base; path = Base.lproj/Main.storyboard; sourceTree = "<group>"; };
		55FCA66D2294DCFE00CF909C /* Assets.xcassets */ = {isa = PBXFileReference; lastKnownFileType = folder.assetcatalog; path = Assets.xcassets; sourceTree = "<group>"; };
		55FCA6702294DCFE00CF909C /* Base */ = {isa = PBXFileReference; lastKnownFileType = file.storyboard; name = Base; path = Base.lproj/LaunchScreen.storyboard; sourceTree = "<group>"; };
		55FCA6722294DCFE00CF909C /* Info.plist */ = {isa = PBXFileReference; lastKnownFileType = text.plist.xml; path = Info.plist; sourceTree = "<group>"; };
		55FCA6772294DCFE00CF909C /* RangTangHomeTests.xctest */ = {isa = PBXFileReference; explicitFileType = wrapper.cfbundle; includeInIndex = 0; path = RangTangHomeTests.xctest; sourceTree = BUILT_PRODUCTS_DIR; };
		55FCA67B2294DCFE00CF909C /* RangTangHomeTests.swift */ = {isa = PBXFileReference; lastKnownFileType = sourcecode.swift; path = RangTangHomeTests.swift; sourceTree = "<group>"; };
		55FCA67D2294DCFE00CF909C /* Info.plist */ = {isa = PBXFileReference; lastKnownFileType = text.plist.xml; path = Info.plist; sourceTree = "<group>"; };
		55FCA6822294DCFE00CF909C /* RangTangHomeUITests.xctest */ = {isa = PBXFileReference; explicitFileType = wrapper.cfbundle; includeInIndex = 0; path = RangTangHomeUITests.xctest; sourceTree = BUILT_PRODUCTS_DIR; };
		55FCA6862294DCFE00CF909C /* RangTangHomeUITests.swift */ = {isa = PBXFileReference; lastKnownFileType = sourcecode.swift; path = RangTangHomeUITests.swift; sourceTree = "<group>"; };
		55FCA6882294DCFE00CF909C /* Info.plist */ = {isa = PBXFileReference; lastKnownFileType = text.plist.xml; path = Info.plist; sourceTree = "<group>"; };
/* End PBXFileReference section */

/* Begin PBXFrameworksBuildPhase section */
		55FCA6602294DCFD00CF909C /* Frameworks */ = {
			isa = PBXFrameworksBuildPhase;
			buildActionMask = 2147483647;
			files = (
			);
			runOnlyForDeploymentPostprocessing = 0;
		};
		55FCA6742294DCFE00CF909C /* Frameworks */ = {
			isa = PBXFrameworksBuildPhase;
			buildActionMask = 2147483647;
			files = (
			);
			runOnlyForDeploymentPostprocessing = 0;
		};
		55FCA67F2294DCFE00CF909C /* Frameworks */ = {
			isa = PBXFrameworksBuildPhase;
			buildActionMask = 2147483647;
			files = (
			);
			runOnlyForDeploymentPostprocessing = 0;
		};
/* End PBXFrameworksBuildPhase section */

/* Begin PBXGroup section */
		55FCA65A2294DCFD00CF909C = {
			isa = PBXGroup;
			children = (
				55FCA6652294DCFD00CF909C /* RangTangHome */,
				55FCA67A2294DCFE00CF909C /* RangTangHomeTests */,
				55FCA6852294DCFE00CF909C /* RangTangHomeUITests */,
				55FCA6642294DCFD00CF909C /* Products */,
			);
			sourceTree = "<group>";
		};
		55FCA6642294DCFD00CF909C /* Products */ = {
			isa = PBXGroup;
			children = (
				55FCA6632294DCFD00CF909C /* RangTangHome.app */,
				55FCA6772294DCFE00CF909C /* RangTangHomeTests.xctest */,
				55FCA6822294DCFE00CF909C /* RangTangHomeUITests.xctest */,
			);
			name = Products;
			sourceTree = "<group>";
		};
		55FCA6652294DCFD00CF909C /* RangTangHome */ = {
			isa = PBXGroup;
			children = (
				55FCA6662294DCFD00CF909C /* AppDelegate.swift */,
				55FCA6682294DCFD00CF909C /* ViewController.swift */,
				55FCA66A2294DCFD00CF909C /* Main.storyboard */,
				55FCA66D2294DCFE00CF909C /* Assets.xcassets */,
				55FCA66F2294DCFE00CF909C /* LaunchScreen.storyboard */,
				55FCA6722294DCFE00CF909C /* Info.plist */,
			);
			path = RangTangHome;
			sourceTree = "<group>";
		};
		55FCA67A2294DCFE00CF909C /* RangTangHomeTests */ = {
			isa = PBXGroup;
			children = (
				55FCA67B2294DCFE00CF909C /* RangTangHomeTests.swift */,
				55FCA67D2294DCFE00CF909C /* Info.plist */,
			);
			path = RangTangHomeTests;
			sourceTree = "<group>";
		};
		55FCA6852294DCFE00CF909C /* RangTangHomeUITests */ = {
			isa = PBXGroup;
			children = (
				55FCA6862294DCFE00CF909C /* RangTangHomeUITests.swift */,
				55FCA6882294DCFE00CF909C /* Info.plist */,
			);
			path = RangTangHomeUITests;
			sourceTree = "<group>";
		};
/* End PBXGroup section */

/* Begin PBXNativeTarget section */
		55FCA6622294DCFD00CF909C /* RangTangHome */ = {
			isa = PBXNativeTarget;
			buildConfigurationList = 55FCA68B2294DCFE00CF909C /* Build configuration list for PBXNativeTarget "RangTangHome" */;
			buildPhases = (
				55FCA65F2294DCFD00CF909C /* Sources */,
				55FCA6602294DCFD00CF909C /* Frameworks */,
				55FCA6612294DCFD00CF909C /* Resources */,
			);
			buildRules = (
			);
			dependencies = (
			);
			name = RangTangHome;
			productName = RangTangHome;
			productReference = 55FCA6632294DCFD00CF909C /* RangTangHome.app */;
			productType = "com.apple.product-type.application";
		};
		55FCA6762294DCFE00CF909C /* RangTangHomeTests */ = {
			isa = PBXNativeTarget;
			buildConfigurationList = 55FCA68E2294DCFE00CF909C /* Build configuration list for PBXNativeTarget "RangTangHomeTests" */;
			buildPhases = (
				55FCA6732294DCFE00CF909C /* Sources */,
				55FCA6742294DCFE00CF909C /* Frameworks */,
				55FCA6752294DCFE00CF909C /* Resources */,
			);
			buildRules = (
			);
			dependencies = (
				55FCA6792294DCFE00CF909C /* PBXTargetDependency */,
			);
			name = RangTangHomeTests;
			productName = RangTangHomeTests;
			productReference = 55FCA6772294DCFE00CF909C /* RangTangHomeTests.xctest */;
			productType = "com.apple.product-type.bundle.unit-test";
		};
		55FCA6812294DCFE00CF909C /* RangTangHomeUITests */ = {
			isa = PBXNativeTarget;
			buildConfigurationList = 55FCA6912294DCFE00CF909C /* Build configuration list for PBXNativeTarget "RangTangHomeUITests" */;
			buildPhases = (
				55FCA67E2294DCFE00CF909C /* Sources */,
				55FCA67F2294DCFE00CF909C /* Frameworks */,
				55FCA6802294DCFE00CF909C /* Resources */,
			);
			buildRules = (
			);
			dependencies = (
				55FCA6842294DCFE00CF909C /* PBXTargetDependency */,
			);
			name = RangTangHomeUITests;
			productName = RangTangHomeUITests;
			productReference = 55FCA6822294DCFE00CF909C /* RangTangHomeUITests.xctest */;
			productType = "com.apple.product-type.bundle.ui-testing";
		};
/* End PBXNativeTarget section */

/* Begin PBXProject section */
		55FCA65B2294DCFD00CF909C /* Project object */ = {
			isa = PBXProject;
			attributes = {
				LastSwiftUpdateCheck = 1010;
				LastUpgradeCheck = 1010;
				ORGANIZATIONNAME = "zk-osx-dev";
				TargetAttributes = {
					55FCA6622294DCFD00CF909C = {
						CreatedOnToolsVersion = 10.1;
					};
					55FCA6762294DCFE00CF909C = {
						CreatedOnToolsVersion = 10.1;
						TestTargetID = 55FCA6622294DCFD00CF909C;
					};
					55FCA6812294DCFE00CF909C = {
						CreatedOnToolsVersion = 10.1;
						TestTargetID = 55FCA6622294DCFD00CF909C;
					};
				};
			};
			buildConfigurationList = 55FCA65E2294DCFD00CF909C /* Build configuration list for PBXProject "RangTangHome" */;
			compatibilityVersion = "Xcode 9.3";
			developmentRegion = en;
			hasScannedForEncodings = 0;
			knownRegions = (
				en,
				Base,
			);
			mainGroup = 55FCA65A2294DCFD00CF909C;
			productRefGroup = 55FCA6642294DCFD00CF909C /* Products */;
			projectDirPath = "";
			projectRoot = "";
			targets = (
				55FCA6622294DCFD00CF909C /* RangTangHome */,
				55FCA6762294DCFE00CF909C /* RangTangHomeTests */,
				55FCA6812294DCFE00CF909C /* RangTangHomeUITests */,
			);
		};
/* End PBXProject section */

/* Begin PBXResourcesBuildPhase section */
		55FCA6612294DCFD00CF909C /* Resources */ = {
			isa = PBXResourcesBuildPhase;
			buildActionMask = 2147483647;
			files = (
				55FCA6712294DCFE00CF909C /* LaunchScreen.storyboard in Resources */,
				55FCA66E2294DCFE00CF909C /* Assets.xcassets in Resources */,
				55FCA66C2294DCFD00CF909C /* Main.storyboard in Resources */,
			);
			runOnlyForDeploymentPostprocessing = 0;
		};
		55FCA6752294DCFE00CF909C /* Resources */ = {
			isa = PBXResourcesBuildPhase;
			buildActionMask = 2147483647;
			files = (
			);
			runOnlyForDeploymentPostprocessing = 0;
		};
		55FCA6802294DCFE00CF909C /* Resources */ = {
			isa = PBXResourcesBuildPhase;
			buildActionMask = 2147483647;
			files = (
			);
			runOnlyForDeploymentPostprocessing = 0;
		};
/* End PBXResourcesBuildPhase section */

/* Begin PBXSourcesBuildPhase section */
		55FCA65F2294DCFD00CF909C /* Sources */ = {
			isa = PBXSourcesBuildPhase;
			buildActionMask = 2147483647;
			files = (
				55FCA6692294DCFD00CF909C /* ViewController.swift in Sources */,
				55FCA6672294DCFD00CF909C /* AppDelegate.swift in Sources */,
			);
			runOnlyForDeploymentPostprocessing = 0;
		};
		55FCA6732294DCFE00CF909C /* Sources */ = {
			isa = PBXSourcesBuildPhase;
			buildActionMask = 2147483647;
			files = (
				55FCA67C2294DCFE00CF909C /* RangTangHomeTests.swift in Sources */,
			);
			runOnlyForDeploymentPostprocessing = 0;
		};
		55FCA67E2294DCFE00CF909C /* Sources */ = {
			isa = PBXSourcesBuildPhase;
			buildActionMask = 2147483647;
			files = (
				55FCA6872294DCFE00CF909C /* RangTangHomeUITests.swift in Sources */,
			);
			runOnlyForDeploymentPostprocessing = 0;
		};
/* End PBXSourcesBuildPhase section */

/* Begin PBXTargetDependency section */
		55FCA6792294DCFE00CF909C /* PBXTargetDependency */ = {
			isa = PBXTargetDependency;
			target = 55FCA6622294DCFD00CF909C /* RangTangHome */;
			targetProxy = 55FCA6782294DCFE00CF909C /* PBXContainerItemProxy */;
		};
		55FCA6842294DCFE00CF909C /* PBXTargetDependency */ = {
			isa = PBXTargetDependency;
			target = 55FCA6622294DCFD00CF909C /* RangTangHome */;
			targetProxy = 55FCA6832294DCFE00CF909C /* PBXContainerItemProxy */;
		};
/* End PBXTargetDependency section */

/* Begin PBXVariantGroup section */
		55FCA66A2294DCFD00CF909C /* Main.storyboard */ = {
			isa = PBXVariantGroup;
			children = (
				55FCA66B2294DCFD00CF909C /* Base */,
			);
			name = Main.storyboard;
			sourceTree = "<group>";
		};
		55FCA66F2294DCFE00CF909C /* LaunchScreen.storyboard */ = {
			isa = PBXVariantGroup;
			children = (
				55FCA6702294DCFE00CF909C /* Base */,
			);
			name = LaunchScreen.storyboard;
			sourceTree = "<group>";
		};
/* End PBXVariantGroup section */

/* Begin XCBuildConfiguration section */
		55FCA6892294DCFE00CF909C /* Debug */ = {
			isa = XCBuildConfiguration;
			buildSettings = {
				ALWAYS_SEARCH_USER_PATHS = NO;
				CLANG_ANALYZER_NONNULL = YES;
				CLANG_ANALYZER_NUMBER_OBJECT_CONVERSION = YES_AGGRESSIVE;
				CLANG_CXX_LANGUAGE_STANDARD = "gnu++14";
				CLANG_CXX_LIBRARY = "libc++";
				CLANG_ENABLE_MODULES = YES;
				CLANG_ENABLE_OBJC_ARC = YES;
				CLANG_ENABLE_OBJC_WEAK = YES;
				CLANG_WARN_BLOCK_CAPTURE_AUTORELEASING = YES;
				CLANG_WARN_BOOL_CONVERSION = YES;
				CLANG_WARN_COMMA = YES;
				CLANG_WARN_CONSTANT_CONVERSION = YES;
				CLANG_WARN_DEPRECATED_OBJC_IMPLEMENTATIONS = YES;
				CLANG_WARN_DIRECT_OBJC_ISA_USAGE = YES_ERROR;
				CLANG_WARN_DOCUMENTATION_COMMENTS = YES;
				CLANG_WARN_EMPTY_BODY = YES;
				CLANG_WARN_ENUM_CONVERSION = YES;
				CLANG_WARN_INFINITE_RECURSION = YES;
				CLANG_WARN_INT_CONVERSION = YES;
				CLANG_WARN_NON_LITERAL_NULL_CONVERSION = YES;
				CLANG_WARN_OBJC_IMPLICIT_RETAIN_SELF = YES;
				CLANG_WARN_OBJC_LITERAL_CONVERSION = YES;
				CLANG_WARN_OBJC_ROOT_CLASS = YES_ERROR;
				CLANG_WARN_RANGE_LOOP_ANALYSIS = YES;
				CLANG_WARN_STRICT_PROTOTYPES = YES;
				CLANG_WARN_SUSPICIOUS_MOVE = YES;
				CLANG_WARN_UNGUARDED_AVAILABILITY = YES_AGGRESSIVE;
				CLANG_WARN_UNREACHABLE_CODE = YES;
				CLANG_WARN__DUPLICATE_METHOD_MATCH = YES;
				CODE_SIGN_IDENTITY = "iPhone Developer";
				COPY_PHASE_STRIP = NO;
				DEBUG_INFORMATION_FORMAT = dwarf;
				ENABLE_STRICT_OBJC_MSGSEND = YES;
				ENABLE_TESTABILITY = YES;
				GCC_C_LANGUAGE_STANDARD = gnu11;
				GCC_DYNAMIC_NO_PIC = NO;
				GCC_NO_COMMON_BLOCKS = YES;
				GCC_OPTIMIZATION_LEVEL = 0;
				GCC_PREPROCESSOR_DEFINITIONS = (
					"DEBUG=1",
					"$(inherited)",
				);
				GCC_WARN_64_TO_32_BIT_CONVERSION = YES;
				GCC_WARN_ABOUT_RETURN_TYPE = YES_ERROR;
				GCC_WARN_UNDECLARED_SELECTOR = YES;
				GCC_WARN_UNINITIALIZED_AUTOS = YES_AGGRESSIVE;
				GCC_WARN_UNUSED_FUNCTION = YES;
				GCC_WARN_UNUSED_VARIABLE = YES;
				IPHONEOS_DEPLOYMENT_TARGET = 12.1;
				MTL_ENABLE_DEBUG_INFO = INCLUDE_SOURCE;
				MTL_FAST_MATH = YES;
				ONLY_ACTIVE_ARCH = YES;
				SDKROOT = iphoneos;
				SWIFT_ACTIVE_COMPILATION_CONDITIONS = DEBUG;
				SWIFT_OPTIMIZATION_LEVEL = "-Onone";
			};
			name = Debug;
		};
		55FCA68A2294DCFE00CF909C /* Release */ = {
			isa = XCBuildConfiguration;
			buildSettings = {
				ALWAYS_SEARCH_USER_PATHS = NO;
				CLANG_ANALYZER_NONNULL = YES;
				CLANG_ANALYZER_NUMBER_OBJECT_CONVERSION = YES_AGGRESSIVE;
				CLANG_CXX_LANGUAGE_STANDARD = "gnu++14";
				CLANG_CXX_LIBRARY = "libc++";
				CLANG_ENABLE_MODULES = YES;
				CLANG_ENABLE_OBJC_ARC = YES;
				CLANG_ENABLE_OBJC_WEAK = YES;
				CLANG_WARN_BLOCK_CAPTURE_AUTORELEASING = YES;
				CLANG_WARN_BOOL_CONVERSION = YES;
				CLANG_WARN_COMMA = YES;
				CLANG_WARN_CONSTANT_CONVERSION = YES;
				CLANG_WARN_DEPRECATED_OBJC_IMPLEMENTATIONS = YES;
				CLANG_WARN_DIRECT_OBJC_ISA_USAGE = YES_ERROR;
				CLANG_WARN_DOCUMENTATION_COMMENTS = YES;
				CLANG_WARN_EMPTY_BODY = YES;
				CLANG_WARN_ENUM_CONVERSION = YES;
				CLANG_WARN_INFINITE_RECURSION = YES;
				CLANG_WARN_INT_CONVERSION = YES;
				CLANG_WARN_NON_LITERAL_NULL_CONVERSION = YES;
				CLANG_WARN_OBJC_IMPLICIT_RETAIN_SELF = YES;
				CLANG_WARN_OBJC_LITERAL_CONVERSION = YES;
				CLANG_WARN_OBJC_ROOT_CLASS = YES_ERROR;
				CLANG_WARN_RANGE_LOOP_ANALYSIS = YES;
				CLANG_WARN_STRICT_PROTOTYPES = YES;
				CLANG_WARN_SUSPICIOUS_MOVE = YES;
				CLANG_WARN_UNGUARDED_AVAILABILITY = YES_AGGRESSIVE;
				CLANG_WARN_UNREACHABLE_CODE = YES;
				CLANG_WARN__DUPLICATE_METHOD_MATCH = YES;
				CODE_SIGN_IDENTITY = "iPhone Developer";
				COPY_PHASE_STRIP = NO;
				DEBUG_INFORMATION_FORMAT = "dwarf-with-dsym";
				ENABLE_NS_ASSERTIONS = NO;
				ENABLE_STRICT_OBJC_MSGSEND = YES;
				GCC_C_LANGUAGE_STANDARD = gnu11;
				GCC_NO_COMMON_BLOCKS = YES;
				GCC_WARN_64_TO_32_BIT_CONVERSION = YES;
				GCC_WARN_ABOUT_RETURN_TYPE = YES_ERROR;
				GCC_WARN_UNDECLARED_SELECTOR = YES;
				GCC_WARN_UNINITIALIZED_AUTOS = YES_AGGRESSIVE;
				GCC_WARN_UNUSED_FUNCTION = YES;
				GCC_WARN_UNUSED_VARIABLE = YES;
				IPHONEOS_DEPLOYMENT_TARGET = 12.1;
				MTL_ENABLE_DEBUG_INFO = NO;
				MTL_FAST_MATH = YES;
				SDKROOT = iphoneos;
				SWIFT_COMPILATION_MODE = wholemodule;
				SWIFT_OPTIMIZATION_LEVEL = "-O";
				VALIDATE_PRODUCT = YES;
			};
			name = Release;
		};
		55FCA68C2294DCFE00CF909C /* Debug */ = {
			isa = XCBuildConfiguration;
			buildSettings = {
				ASSETCATALOG_COMPILER_APPICON_NAME = AppIcon;
				CODE_SIGN_STYLE = Automatic;
				INFOPLIST_FILE = RangTangHome/Info.plist;
				LD_RUNPATH_SEARCH_PATHS = (
					"$(inherited)",
					"@executable_path/Frameworks",
				);
				PRODUCT_BUNDLE_IDENTIFIER = SCKX.IOSAPP.RangTangHome;
				PRODUCT_NAME = "$(TARGET_NAME)";
				SWIFT_VERSION = 4.2;
				TARGETED_DEVICE_FAMILY = "1,2";
			};
			name = Debug;
		};
		55FCA68D2294DCFE00CF909C /* Release */ = {
			isa = XCBuildConfiguration;
			buildSettings = {
				ASSETCATALOG_COMPILER_APPICON_NAME = AppIcon;
				CODE_SIGN_STYLE = Automatic;
				INFOPLIST_FILE = RangTangHome/Info.plist;
				LD_RUNPATH_SEARCH_PATHS = (
					"$(inherited)",
					"@executable_path/Frameworks",
				);
				PRODUCT_BUNDLE_IDENTIFIER = SCKX.IOSAPP.RangTangHome;
				PRODUCT_NAME = "$(TARGET_NAME)";
				SWIFT_VERSION = 4.2;
				TARGETED_DEVICE_FAMILY = "1,2";
			};
			name = Release;
		};
		55FCA68F2294DCFE00CF909C /* Debug */ = {
			isa = XCBuildConfiguration;
			buildSettings = {
				ALWAYS_EMBED_SWIFT_STANDARD_LIBRARIES = YES;
				BUNDLE_LOADER = "$(TEST_HOST)";
				CODE_SIGN_STYLE = Automatic;
				INFOPLIST_FILE = RangTangHomeTests/Info.plist;
				LD_RUNPATH_SEARCH_PATHS = (
					"$(inherited)",
					"@executable_path/Frameworks",
					"@loader_path/Frameworks",
				);
				PRODUCT_BUNDLE_IDENTIFIER = SCKX.IOSAPP.RangTangHomeTests;
				PRODUCT_NAME = "$(TARGET_NAME)";
				SWIFT_VERSION = 4.2;
				TARGETED_DEVICE_FAMILY = "1,2";
				TEST_HOST = "$(BUILT_PRODUCTS_DIR)/RangTangHome.app/RangTangHome";
			};
			name = Debug;
		};
		55FCA6902294DCFE00CF909C /* Release */ = {
			isa = XCBuildConfiguration;
			buildSettings = {
				ALWAYS_EMBED_SWIFT_STANDARD_LIBRARIES = YES;
				BUNDLE_LOADER = "$(TEST_HOST)";
				CODE_SIGN_STYLE = Automatic;
				INFOPLIST_FILE = RangTangHomeTests/Info.plist;
				LD_RUNPATH_SEARCH_PATHS = (
					"$(inherited)",
					"@executable_path/Frameworks",
					"@loader_path/Frameworks",
				);
				PRODUCT_BUNDLE_IDENTIFIER = SCKX.IOSAPP.RangTangHomeTests;
				PRODUCT_NAME = "$(TARGET_NAME)";
				SWIFT_VERSION = 4.2;
				TARGETED_DEVICE_FAMILY = "1,2";
				TEST_HOST = "$(BUILT_PRODUCTS_DIR)/RangTangHome.app/RangTangHome";
			};
			name = Release;
		};
		55FCA6922294DCFE00CF909C /* Debug */ = {
			isa = XCBuildConfiguration;
			buildSettings = {
				ALWAYS_EMBED_SWIFT_STANDARD_LIBRARIES = YES;
				CODE_SIGN_STYLE = Automatic;
				INFOPLIST_FILE = RangTangHomeUITests/Info.plist;
				LD_RUNPATH_SEARCH_PATHS = (
					"$(inherited)",
					"@executable_path/Frameworks",
					"@loader_path/Frameworks",
				);
				PRODUCT_BUNDLE_IDENTIFIER = SCKX.IOSAPP.RangTangHomeUITests;
				PRODUCT_NAME = "$(TARGET_NAME)";
				SWIFT_VERSION = 4.2;
				TARGETED_DEVICE_FAMILY = "1,2";
				TEST_TARGET_NAME = RangTangHome;
			};
			name = Debug;
		};
		55FCA6932294DCFE00CF909C /* Release */ = {
			isa = XCBuildConfiguration;
			buildSettings = {
				ALWAYS_EMBED_SWIFT_STANDARD_LIBRARIES = YES;
				CODE_SIGN_STYLE = Automatic;
				INFOPLIST_FILE = RangTangHomeUITests/Info.plist;
				LD_RUNPATH_SEARCH_PATHS = (
					"$(inherited)",
					"@executable_path/Frameworks",
					"@loader_path/Frameworks",
				);
				PRODUCT_BUNDLE_IDENTIFIER = SCKX.IOSAPP.RangTangHomeUITests;
				PRODUCT_NAME = "$(TARGET_NAME)";
				SWIFT_VERSION = 4.2;
				TARGETED_DEVICE_FAMILY = "1,2";
				TEST_TARGET_NAME = RangTangHome;
			};
			name = Release;
		};
/* End XCBuildConfiguration section */

/* Begin XCConfigurationList section */
		55FCA65E2294DCFD00CF909C /* Build configuration list for PBXProject "RangTangHome" */ = {
			isa = XCConfigurationList;
			buildConfigurations = (
				55FCA6892294DCFE00CF909C /* Debug */,
				55FCA68A2294DCFE00CF909C /* Release */,
			);
			defaultConfigurationIsVisible = 0;
			defaultConfigurationName = Release;
		};
		55FCA68B2294DCFE00CF909C /* Build configuration list for PBXNativeTarget "RangTangHome" */ = {
			isa = XCConfigurationList;
			buildConfigurations = (
				55FCA68C2294DCFE00CF909C /* Debug */,
				55FCA68D2294DCFE00CF909C /* Release */,
			);
			defaultConfigurationIsVisible = 0;
			defaultConfigurationName = Release;
		};
		55FCA68E2294DCFE00CF909C /* Build configuration list for PBXNativeTarget "RangTangHomeTests" */ = {
			isa = XCConfigurationList;
			buildConfigurations = (
				55FCA68F2294DCFE00CF909C /* Debug */,
				55FCA6902294DCFE00CF909C /* Release */,
			);
			defaultConfigurationIsVisible = 0;
			defaultConfigurationName = Release;
		};
		55FCA6912294DCFE00CF909C /* Build configuration list for PBXNativeTarget "RangTangHomeUITests" */ = {
			isa = XCConfigurationList;
			buildConfigurations = (
				55FCA6922294DCFE00CF909C /* Debug */,
				55FCA6932294DCFE00CF909C /* Release */,
			);
			defaultConfigurationIsVisible = 0;
			defaultConfigurationName = Release;
		};
/* End XCConfigurationList section */
	};
	rootObject = 55FCA65B2294DCFD00CF909C /* Project object */;
}
